// !$*UTF8*$!
{
	archiveVersion = 1;
	classes = {
	};
	objectVersion = 50;
	objects = {

/* Begin PBXBuildFile section */
		B3B3485E27EDBF2C00C2FDA5 /* categoryTableViewCell.swift in Sources */ = {isa = PBXBuildFile; fileRef = B3B3485D27EDBF2C00C2FDA5 /* categoryTableViewCell.swift */; };
		B3C183DA27ED9461007E3099 /* AppDelegate.swift in Sources */ = {isa = PBXBuildFile; fileRef = B3C183D927ED9461007E3099 /* AppDelegate.swift */; };
		B3C183DC27ED9461007E3099 /* SceneDelegate.swift in Sources */ = {isa = PBXBuildFile; fileRef = B3C183DB27ED9461007E3099 /* SceneDelegate.swift */; };
		B3C183DE27ED9461007E3099 /* ViewController.swift in Sources */ = {isa = PBXBuildFile; fileRef = B3C183DD27ED9461007E3099 /* ViewController.swift */; };
		B3C183E127ED9461007E3099 /* Main.storyboard in Resources */ = {isa = PBXBuildFile; fileRef = B3C183DF27ED9461007E3099 /* Main.storyboard */; };
		B3C183E327ED9465007E3099 /* Assets.xcassets in Resources */ = {isa = PBXBuildFile; fileRef = B3C183E227ED9465007E3099 /* Assets.xcassets */; };
		B3C183E627ED9465007E3099 /* LaunchScreen.storyboard in Resources */ = {isa = PBXBuildFile; fileRef = B3C183E427ED9465007E3099 /* LaunchScreen.storyboard */; };
		B3C183F127ED9465007E3099 /* staticContentAPItaskTests.swift in Sources */ = {isa = PBXBuildFile; fileRef = B3C183F027ED9465007E3099 /* staticContentAPItaskTests.swift */; };
		B3C183FC27ED9465007E3099 /* staticContentAPItaskUITests.swift in Sources */ = {isa = PBXBuildFile; fileRef = B3C183FB27ED9465007E3099 /* staticContentAPItaskUITests.swift */; };
		B3C1840A27EDA244007E3099 /* API Manager.swift in Sources */ = {isa = PBXBuildFile; fileRef = B3C1840927EDA244007E3099 /* API Manager.swift */; };
		B3C1840D27EDA48D007E3099 /* staticViewModel.swift in Sources */ = {isa = PBXBuildFile; fileRef = B3C1840C27EDA48D007E3099 /* staticViewModel.swift */; };
		B3C1840F27EDA4BF007E3099 /* staticContentBase.swift in Sources */ = {isa = PBXBuildFile; fileRef = B3C1840E27EDA4BF007E3099 /* staticContentBase.swift */; };
/* End PBXBuildFile section */

/* Begin PBXContainerItemProxy section */
		B3C183ED27ED9465007E3099 /* PBXContainerItemProxy */ = {
			isa = PBXContainerItemProxy;
			containerPortal = B3C183CE27ED9460007E3099 /* Project object */;
			proxyType = 1;
			remoteGlobalIDString = B3C183D527ED9461007E3099;
			remoteInfo = staticContentAPItask;
		};
		B3C183F827ED9465007E3099 /* PBXContainerItemProxy */ = {
			isa = PBXContainerItemProxy;
			containerPortal = B3C183CE27ED9460007E3099 /* Project object */;
			proxyType = 1;
			remoteGlobalIDString = B3C183D527ED9461007E3099;
			remoteInfo = staticContentAPItask;
		};
/* End PBXContainerItemProxy section */

/* Begin PBXFileReference section */
		B3B3485D27EDBF2C00C2FDA5 /* categoryTableViewCell.swift */ = {isa = PBXFileReference; lastKnownFileType = sourcecode.swift; path = categoryTableViewCell.swift; sourceTree = "<group>"; };
		B3C183D627ED9461007E3099 /* staticContentAPItask.app */ = {isa = PBXFileReference; explicitFileType = wrapper.application; includeInIndex = 0; path = staticContentAPItask.app; sourceTree = BUILT_PRODUCTS_DIR; };
		B3C183D927ED9461007E3099 /* AppDelegate.swift */ = {isa = PBXFileReference; lastKnownFileType = sourcecode.swift; path = AppDelegate.swift; sourceTree = "<group>"; };
		B3C183DB27ED9461007E3099 /* SceneDelegate.swift */ = {isa = PBXFileReference; lastKnownFileType = sourcecode.swift; path = SceneDelegate.swift; sourceTree = "<group>"; };
		B3C183DD27ED9461007E3099 /* ViewController.swift */ = {isa = PBXFileReference; lastKnownFileType = sourcecode.swift; path = ViewController.swift; sourceTree = "<group>"; };
		B3C183E027ED9461007E3099 /* Base */ = {isa = PBXFileReference; lastKnownFileType = file.storyboard; name = Base; path = Base.lproj/Main.storyboard; sourceTree = "<group>"; };
		B3C183E227ED9465007E3099 /* Assets.xcassets */ = {isa = PBXFileReference; lastKnownFileType = folder.assetcatalog; path = Assets.xcassets; sourceTree = "<group>"; };
		B3C183E527ED9465007E3099 /* Base */ = {isa = PBXFileReference; lastKnownFileType = file.storyboard; name = Base; path = Base.lproj/LaunchScreen.storyboard; sourceTree = "<group>"; };
		B3C183E727ED9465007E3099 /* Info.plist */ = {isa = PBXFileReference; lastKnownFileType = text.plist.xml; path = Info.plist; sourceTree = "<group>"; };
		B3C183EC27ED9465007E3099 /* staticContentAPItaskTests.xctest */ = {isa = PBXFileReference; explicitFileType = wrapper.cfbundle; includeInIndex = 0; path = staticContentAPItaskTests.xctest; sourceTree = BUILT_PRODUCTS_DIR; };
		B3C183F027ED9465007E3099 /* staticContentAPItaskTests.swift */ = {isa = PBXFileReference; lastKnownFileType = sourcecode.swift; path = staticContentAPItaskTests.swift; sourceTree = "<group>"; };
		B3C183F227ED9465007E3099 /* Info.plist */ = {isa = PBXFileReference; lastKnownFileType = text.plist.xml; path = Info.plist; sourceTree = "<group>"; };
		B3C183F727ED9465007E3099 /* staticContentAPItaskUITests.xctest */ = {isa = PBXFileReference; explicitFileType = wrapper.cfbundle; includeInIndex = 0; path = staticContentAPItaskUITests.xctest; sourceTree = BUILT_PRODUCTS_DIR; };
		B3C183FB27ED9465007E3099 /* staticContentAPItaskUITests.swift */ = {isa = PBXFileReference; lastKnownFileType = sourcecode.swift; path = staticContentAPItaskUITests.swift; sourceTree = "<group>"; };
		B3C183FD27ED9465007E3099 /* Info.plist */ = {isa = PBXFileReference; lastKnownFileType = text.plist.xml; path = Info.plist; sourceTree = "<group>"; };
		B3C1840927EDA244007E3099 /* API Manager.swift */ = {isa = PBXFileReference; lastKnownFileType = sourcecode.swift; path = "API Manager.swift"; sourceTree = "<group>"; };
		B3C1840C27EDA48D007E3099 /* staticViewModel.swift */ = {isa = PBXFileReference; lastKnownFileType = sourcecode.swift; path = staticViewModel.swift; sourceTree = "<group>"; };
		B3C1840E27EDA4BF007E3099 /* staticContentBase.swift */ = {isa = PBXFileReference; lastKnownFileType = sourcecode.swift; path = staticContentBase.swift; sourceTree = "<group>"; };
/* End PBXFileReference section */

/* Begin PBXFrameworksBuildPhase section */
		B3C183D327ED9461007E3099 /* Frameworks */ = {
			isa = PBXFrameworksBuildPhase;
			buildActionMask = 2147483647;
			files = (
			);
			runOnlyForDeploymentPostprocessing = 0;
		};
		B3C183E927ED9465007E3099 /* Frameworks */ = {
			isa = PBXFrameworksBuildPhase;
			buildActionMask = 2147483647;
			files = (
			);
			runOnlyForDeploymentPostprocessing = 0;
		};
		B3C183F427ED9465007E3099 /* Frameworks */ = {
			isa = PBXFrameworksBuildPhase;
			buildActionMask = 2147483647;
			files = (
			);
			runOnlyForDeploymentPostprocessing = 0;
		};
/* End PBXFrameworksBuildPhase section */

/* Begin PBXGroup section */
		B3B3486127EDD0D900C2FDA5 /* homePageControlller */ = {
			isa = PBXGroup;
			children = (
				B3C183DD27ED9461007E3099 /* ViewController.swift */,
				B3B3485D27EDBF2C00C2FDA5 /* categoryTableViewCell.swift */,
			);
			path = homePageControlller;
			sourceTree = "<group>";
		};
		B3C183CD27ED9460007E3099 = {
			isa = PBXGroup;
			children = (
				B3C183D827ED9461007E3099 /* staticContentAPItask */,
				B3C183EF27ED9465007E3099 /* staticContentAPItaskTests */,
				B3C183FA27ED9465007E3099 /* staticContentAPItaskUITests */,
				B3C183D727ED9461007E3099 /* Products */,
			);
			sourceTree = "<group>";
		};
		B3C183D727ED9461007E3099 /* Products */ = {
			isa = PBXGroup;
			children = (
				B3C183D627ED9461007E3099 /* staticContentAPItask.app */,
				B3C183EC27ED9465007E3099 /* staticContentAPItaskTests.xctest */,
				B3C183F727ED9465007E3099 /* staticContentAPItaskUITests.xctest */,
			);
			name = Products;
			sourceTree = "<group>";
		};
		B3C183D827ED9461007E3099 /* staticContentAPItask */ = {
			isa = PBXGroup;
			children = (
				B3C183D927ED9461007E3099 /* AppDelegate.swift */,
				B3C183DB27ED9461007E3099 /* SceneDelegate.swift */,
				B3C1840927EDA244007E3099 /* API Manager.swift */,
				B3C1840B27EDA454007E3099 /* staticContent */,
				B3C183DF27ED9461007E3099 /* Main.storyboard */,
				B3C183E227ED9465007E3099 /* Assets.xcassets */,
				B3C183E427ED9465007E3099 /* LaunchScreen.storyboard */,
				B3C183E727ED9465007E3099 /* Info.plist */,
			);
			path = staticContentAPItask;
			sourceTree = "<group>";
		};
		B3C183EF27ED9465007E3099 /* staticContentAPItaskTests */ = {
			isa = PBXGroup;
			children = (
				B3C183F027ED9465007E3099 /* staticContentAPItaskTests.swift */,
				B3C183F227ED9465007E3099 /* Info.plist */,
			);
			path = staticContentAPItaskTests;
			sourceTree = "<group>";
		};
		B3C183FA27ED9465007E3099 /* staticContentAPItaskUITests */ = {
			isa = PBXGroup;
			children = (
				B3C183FB27ED9465007E3099 /* staticContentAPItaskUITests.swift */,
				B3C183FD27ED9465007E3099 /* Info.plist */,
			);
			path = staticContentAPItaskUITests;
			sourceTree = "<group>";
		};
		B3C1840B27EDA454007E3099 /* staticContent */ = {
			isa = PBXGroup;
			children = (
				B3C1840C27EDA48D007E3099 /* staticViewModel.swift */,
				B3B3486127EDD0D900C2FDA5 /* homePageControlller */,
				B3C1840E27EDA4BF007E3099 /* staticContentBase.swift */,
			);
			path = staticContent;
			sourceTree = "<group>";
		};
/* End PBXGroup section */

/* Begin PBXNativeTarget section */
		B3C183D527ED9461007E3099 /* staticContentAPItask */ = {
			isa = PBXNativeTarget;
			buildConfigurationList = B3C1840027ED9465007E3099 /* Build configuration list for PBXNativeTarget "staticContentAPItask" */;
			buildPhases = (
				B3C183D227ED9461007E3099 /* Sources */,
				B3C183D327ED9461007E3099 /* Frameworks */,
				B3C183D427ED9461007E3099 /* Resources */,
			);
			buildRules = (
			);
			dependencies = (
			);
			name = staticContentAPItask;
			productName = staticContentAPItask;
			productReference = B3C183D627ED9461007E3099 /* staticContentAPItask.app */;
			productType = "com.apple.product-type.application";
		};
		B3C183EB27ED9465007E3099 /* staticContentAPItaskTests */ = {
			isa = PBXNativeTarget;
			buildConfigurationList = B3C1840327ED9465007E3099 /* Build configuration list for PBXNativeTarget "staticContentAPItaskTests" */;
			buildPhases = (
				B3C183E827ED9465007E3099 /* Sources */,
				B3C183E927ED9465007E3099 /* Frameworks */,
				B3C183EA27ED9465007E3099 /* Resources */,
			);
			buildRules = (
			);
			dependencies = (
				B3C183EE27ED9465007E3099 /* PBXTargetDependency */,
			);
			name = staticContentAPItaskTests;
			productName = staticContentAPItaskTests;
			productReference = B3C183EC27ED9465007E3099 /* staticContentAPItaskTests.xctest */;
			productType = "com.apple.product-type.bundle.unit-test";
		};
		B3C183F627ED9465007E3099 /* staticContentAPItaskUITests */ = {
			isa = PBXNativeTarget;
			buildConfigurationList = B3C1840627ED9465007E3099 /* Build configuration list for PBXNativeTarget "staticContentAPItaskUITests" */;
			buildPhases = (
				B3C183F327ED9465007E3099 /* Sources */,
				B3C183F427ED9465007E3099 /* Frameworks */,
				B3C183F527ED9465007E3099 /* Resources */,
			);
			buildRules = (
			);
			dependencies = (
				B3C183F927ED9465007E3099 /* PBXTargetDependency */,
			);
			name = staticContentAPItaskUITests;
			productName = staticContentAPItaskUITests;
			productReference = B3C183F727ED9465007E3099 /* staticContentAPItaskUITests.xctest */;
			productType = "com.apple.product-type.bundle.ui-testing";
		};
/* End PBXNativeTarget section */

/* Begin PBXProject section */
		B3C183CE27ED9460007E3099 /* Project object */ = {
			isa = PBXProject;
			attributes = {
				LastSwiftUpdateCheck = 1250;
				LastUpgradeCheck = 1250;
				TargetAttributes = {
					B3C183D527ED9461007E3099 = {
						CreatedOnToolsVersion = 12.5.1;
					};
					B3C183EB27ED9465007E3099 = {
						CreatedOnToolsVersion = 12.5.1;
						TestTargetID = B3C183D527ED9461007E3099;
					};
					B3C183F627ED9465007E3099 = {
						CreatedOnToolsVersion = 12.5.1;
						TestTargetID = B3C183D527ED9461007E3099;
					};
				};
			};
			buildConfigurationList = B3C183D127ED9460007E3099 /* Build configuration list for PBXProject "staticContentAPItask" */;
			compatibilityVersion = "Xcode 9.3";
			developmentRegion = en;
			hasScannedForEncodings = 0;
			knownRegions = (
				en,
				Base,
			);
			mainGroup = B3C183CD27ED9460007E3099;
			productRefGroup = B3C183D727ED9461007E3099 /* Products */;
			projectDirPath = "";
			projectRoot = "";
			targets = (
				B3C183D527ED9461007E3099 /* staticContentAPItask */,
				B3C183EB27ED9465007E3099 /* staticContentAPItaskTests */,
				B3C183F627ED9465007E3099 /* staticContentAPItaskUITests */,
			);
		};
/* End PBXProject section */

/* Begin PBXResourcesBuildPhase section */
		B3C183D427ED9461007E3099 /* Resources */ = {
			isa = PBXResourcesBuildPhase;
			buildActionMask = 2147483647;
			files = (
				B3C183E627ED9465007E3099 /* LaunchScreen.storyboard in Resources */,
				B3C183E327ED9465007E3099 /* Assets.xcassets in Resources */,
				B3C183E127ED9461007E3099 /* Main.storyboard in Resources */,
			);
			runOnlyForDeploymentPostprocessing = 0;
		};
		B3C183EA27ED9465007E3099 /* Resources */ = {
			isa = PBXResourcesBuildPhase;
			buildActionMask = 2147483647;
			files = (
			);
			runOnlyForDeploymentPostprocessing = 0;
		};
		B3C183F527ED9465007E3099 /* Resources */ = {
			isa = PBXResourcesBuildPhase;
			buildActionMask = 2147483647;
			files = (
			);
			runOnlyForDeploymentPostprocessing = 0;
		};
/* End PBXResourcesBuildPhase section */

/* Begin PBXSourcesBuildPhase section */
		B3C183D227ED9461007E3099 /* Sources */ = {
			isa = PBXSourcesBuildPhase;
			buildActionMask = 2147483647;
			files = (
				B3C1840F27EDA4BF007E3099 /* staticContentBase.swift in Sources */,
				B3C183DE27ED9461007E3099 /* ViewController.swift in Sources */,
				B3C1840A27EDA244007E3099 /* API Manager.swift in Sources */,
				B3C1840D27EDA48D007E3099 /* staticViewModel.swift in Sources */,
				B3B3485E27EDBF2C00C2FDA5 /* categoryTableViewCell.swift in Sources */,
				B3C183DA27ED9461007E3099 /* AppDelegate.swift in Sources */,
				B3C183DC27ED9461007E3099 /* SceneDelegate.swift in Sources */,
			);
			runOnlyForDeploymentPostprocessing = 0;
		};
		B3C183E827ED9465007E3099 /* Sources */ = {
			isa = PBXSourcesBuildPhase;
			buildActionMask = 2147483647;
			files = (
				B3C183F127ED9465007E3099 /* staticContentAPItaskTests.swift in Sources */,
			);
			runOnlyForDeploymentPostprocessing = 0;
		};
		B3C183F327ED9465007E3099 /* Sources */ = {
			isa = PBXSourcesBuildPhase;
			buildActionMask = 2147483647;
			files = (
				B3C183FC27ED9465007E3099 /* staticContentAPItaskUITests.swift in Sources */,
			);
			runOnlyForDeploymentPostprocessing = 0;
		};
/* End PBXSourcesBuildPhase section */

/* Begin PBXTargetDependency section */
		B3C183EE27ED9465007E3099 /* PBXTargetDependency */ = {
			isa = PBXTargetDependency;
			target = B3C183D527ED9461007E3099 /* staticContentAPItask */;
			targetProxy = B3C183ED27ED9465007E3099 /* PBXContainerItemProxy */;
		};
		B3C183F927ED9465007E3099 /* PBXTargetDependency */ = {
			isa = PBXTargetDependency;
			target = B3C183D527ED9461007E3099 /* staticContentAPItask */;
			targetProxy = B3C183F827ED9465007E3099 /* PBXContainerItemProxy */;
		};
/* End PBXTargetDependency section */

/* Begin PBXVariantGroup section */
		B3C183DF27ED9461007E3099 /* Main.storyboard */ = {
			isa = PBXVariantGroup;
			children = (
				B3C183E027ED9461007E3099 /* Base */,
			);
			name = Main.storyboard;
			sourceTree = "<group>";
		};
		B3C183E427ED9465007E3099 /* LaunchScreen.storyboard */ = {
			isa = PBXVariantGroup;
			children = (
				B3C183E527ED9465007E3099 /* Base */,
			);
			name = LaunchScreen.storyboard;
			sourceTree = "<group>";
		};
/* End PBXVariantGroup section */

/* Begin XCBuildConfiguration section */
		B3C183FE27ED9465007E3099 /* Debug */ = {
			isa = XCBuildConfiguration;
			buildSettings = {
				ALWAYS_SEARCH_USER_PATHS = NO;
				CLANG_ANALYZER_NONNULL = YES;
				CLANG_ANALYZER_NUMBER_OBJECT_CONVERSION = YES_AGGRESSIVE;
				CLANG_CXX_LANGUAGE_STANDARD = "gnu++14";
				CLANG_CXX_LIBRARY = "libc++";
				CLANG_ENABLE_MODULES = YES;
				CLANG_ENABLE_OBJC_ARC = YES;
				CLANG_ENABLE_OBJC_WEAK = YES;
				CLANG_WARN_BLOCK_CAPTURE_AUTORELEASING = YES;
				CLANG_WARN_BOOL_CONVERSION = YES;
				CLANG_WARN_COMMA = YES;
				CLANG_WARN_CONSTANT_CONVERSION = YES;
				CLANG_WARN_DEPRECATED_OBJC_IMPLEMENTATIONS = YES;
				CLANG_WARN_DIRECT_OBJC_ISA_USAGE = YES_ERROR;
				CLANG_WARN_DOCUMENTATION_COMMENTS = YES;
				CLANG_WARN_EMPTY_BODY = YES;
				CLANG_WARN_ENUM_CONVERSION = YES;
				CLANG_WARN_INFINITE_RECURSION = YES;
				CLANG_WARN_INT_CONVERSION = YES;
				CLANG_WARN_NON_LITERAL_NULL_CONVERSION = YES;
				CLANG_WARN_OBJC_IMPLICIT_RETAIN_SELF = YES;
				CLANG_WARN_OBJC_LITERAL_CONVERSION = YES;
				CLANG_WARN_OBJC_ROOT_CLASS = YES_ERROR;
				CLANG_WARN_QUOTED_INCLUDE_IN_FRAMEWORK_HEADER = YES;
				CLANG_WARN_RANGE_LOOP_ANALYSIS = YES;
				CLANG_WARN_STRICT_PROTOTYPES = YES;
				CLANG_WARN_SUSPICIOUS_MOVE = YES;
				CLANG_WARN_UNGUARDED_AVAILABILITY = YES_AGGRESSIVE;
				CLANG_WARN_UNREACHABLE_CODE = YES;
				CLANG_WARN__DUPLICATE_METHOD_MATCH = YES;
				COPY_PHASE_STRIP = NO;
				DEBUG_INFORMATION_FORMAT = dwarf;
				ENABLE_STRICT_OBJC_MSGSEND = YES;
				ENABLE_TESTABILITY = YES;
				GCC_C_LANGUAGE_STANDARD = gnu11;
				GCC_DYNAMIC_NO_PIC = NO;
				GCC_NO_COMMON_BLOCKS = YES;
				GCC_OPTIMIZATION_LEVEL = 0;
				GCC_PREPROCESSOR_DEFINITIONS = (
					"DEBUG=1",
					"$(inherited)",
				);
				GCC_WARN_64_TO_32_BIT_CONVERSION = YES;
				GCC_WARN_ABOUT_RETURN_TYPE = YES_ERROR;
				GCC_WARN_UNDECLARED_SELECTOR = YES;
				GCC_WARN_UNINITIALIZED_AUTOS = YES_AGGRESSIVE;
				GCC_WARN_UNUSED_FUNCTION = YES;
				GCC_WARN_UNUSED_VARIABLE = YES;
				IPHONEOS_DEPLOYMENT_TARGET = 14.5;
				MTL_ENABLE_DEBUG_INFO = INCLUDE_SOURCE;
				MTL_FAST_MATH = YES;
				ONLY_ACTIVE_ARCH = YES;
				SDKROOT = iphoneos;
				SWIFT_ACTIVE_COMPILATION_CONDITIONS = DEBUG;
				SWIFT_OPTIMIZATION_LEVEL = "-Onone";
			};
			name = Debug;
		};
		B3C183FF27ED9465007E3099 /* Release */ = {
			isa = XCBuildConfiguration;
			buildSettings = {
				ALWAYS_SEARCH_USER_PATHS = NO;
				CLANG_ANALYZER_NONNULL = YES;
				CLANG_ANALYZER_NUMBER_OBJECT_CONVERSION = YES_AGGRESSIVE;
				CLANG_CXX_LANGUAGE_STANDARD = "gnu++14";
				CLANG_CXX_LIBRARY = "libc++";
				CLANG_ENABLE_MODULES = YES;
				CLANG_ENABLE_OBJC_ARC = YES;
				CLANG_ENABLE_OBJC_WEAK = YES;
				CLANG_WARN_BLOCK_CAPTURE_AUTORELEASING = YES;
				CLANG_WARN_BOOL_CONVERSION = YES;
				CLANG_WARN_COMMA = YES;
				CLANG_WARN_CONSTANT_CONVERSION = YES;
				CLANG_WARN_DEPRECATED_OBJC_IMPLEMENTATIONS = YES;
				CLANG_WARN_DIRECT_OBJC_ISA_USAGE = YES_ERROR;
				CLANG_WARN_DOCUMENTATION_COMMENTS = YES;
				CLANG_WARN_EMPTY_BODY = YES;
				CLANG_WARN_ENUM_CONVERSION = YES;
				CLANG_WARN_INFINITE_RECURSION = YES;
				CLANG_WARN_INT_CONVERSION = YES;
				CLANG_WARN_NON_LITERAL_NULL_CONVERSION = YES;
				CLANG_WARN_OBJC_IMPLICIT_RETAIN_SELF = YES;
				CLANG_WARN_OBJC_LITERAL_CONVERSION = YES;
				CLANG_WARN_OBJC_ROOT_CLASS = YES_ERROR;
				CLANG_WARN_QUOTED_INCLUDE_IN_FRAMEWORK_HEADER = YES;
				CLANG_WARN_RANGE_LOOP_ANALYSIS = YES;
				CLANG_WARN_STRICT_PROTOTYPES = YES;
				CLANG_WARN_SUSPICIOUS_MOVE = YES;
				CLANG_WARN_UNGUARDED_AVAILABILITY = YES_AGGRESSIVE;
				CLANG_WARN_UNREACHABLE_CODE = YES;
				CLANG_WARN__DUPLICATE_METHOD_MATCH = YES;
				COPY_PHASE_STRIP = NO;
				DEBUG_INFORMATION_FORMAT = "dwarf-with-dsym";
				ENABLE_NS_ASSERTIONS = NO;
				ENABLE_STRICT_OBJC_MSGSEND = YES;
				GCC_C_LANGUAGE_STANDARD = gnu11;
				GCC_NO_COMMON_BLOCKS = YES;
				GCC_WARN_64_TO_32_BIT_CONVERSION = YES;
				GCC_WARN_ABOUT_RETURN_TYPE = YES_ERROR;
				GCC_WARN_UNDECLARED_SELECTOR = YES;
				GCC_WARN_UNINITIALIZED_AUTOS = YES_AGGRESSIVE;
				GCC_WARN_UNUSED_FUNCTION = YES;
				GCC_WARN_UNUSED_VARIABLE = YES;
				IPHONEOS_DEPLOYMENT_TARGET = 14.5;
				MTL_ENABLE_DEBUG_INFO = NO;
				MTL_FAST_MATH = YES;
				SDKROOT = iphoneos;
				SWIFT_COMPILATION_MODE = wholemodule;
				SWIFT_OPTIMIZATION_LEVEL = "-O";
				VALIDATE_PRODUCT = YES;
			};
			name = Release;
		};
		B3C1840127ED9465007E3099 /* Debug */ = {
			isa = XCBuildConfiguration;
			buildSettings = {
				ASSETCATALOG_COMPILER_APPICON_NAME = AppIcon;
				ASSETCATALOG_COMPILER_GLOBAL_ACCENT_COLOR_NAME = AccentColor;
				CODE_SIGN_STYLE = Automatic;
				INFOPLIST_FILE = staticContentAPItask/Info.plist;
				LD_RUNPATH_SEARCH_PATHS = (
					"$(inherited)",
					"@executable_path/Frameworks",
				);
				PRODUCT_BUNDLE_IDENTIFIER = byot.staticContentAPItask;
				PRODUCT_NAME = "$(TARGET_NAME)";
				SWIFT_VERSION = 5.0;
				TARGETED_DEVICE_FAMILY = "1,2";
			};
			name = Debug;
		};
		B3C1840227ED9465007E3099 /* Release */ = {
			isa = XCBuildConfiguration;
			buildSettings = {
				ASSETCATALOG_COMPILER_APPICON_NAME = AppIcon;
				ASSETCATALOG_COMPILER_GLOBAL_ACCENT_COLOR_NAME = AccentColor;
				CODE_SIGN_STYLE = Automatic;
				INFOPLIST_FILE = staticContentAPItask/Info.plist;
				LD_RUNPATH_SEARCH_PATHS = (
					"$(inherited)",
					"@executable_path/Frameworks",
				);
				PRODUCT_BUNDLE_IDENTIFIER = byot.staticContentAPItask;
				PRODUCT_NAME = "$(TARGET_NAME)";
				SWIFT_VERSION = 5.0;
				TARGETED_DEVICE_FAMILY = "1,2";
			};
			name = Release;
		};
		B3C1840427ED9465007E3099 /* Debug */ = {
			isa = XCBuildConfiguration;
			buildSettings = {
				ALWAYS_EMBED_SWIFT_STANDARD_LIBRARIES = YES;
				BUNDLE_LOADER = "$(TEST_HOST)";
				CODE_SIGN_STYLE = Automatic;
				INFOPLIST_FILE = staticContentAPItaskTests/Info.plist;
				IPHONEOS_DEPLOYMENT_TARGET = 14.5;
				LD_RUNPATH_SEARCH_PATHS = (
					"$(inherited)",
					"@executable_path/Frameworks",
					"@loader_path/Frameworks",
				);
				PRODUCT_BUNDLE_IDENTIFIER = byot.staticContentAPItaskTests;
				PRODUCT_NAME = "$(TARGET_NAME)";
				SWIFT_VERSION = 5.0;
				TARGETED_DEVICE_FAMILY = "1,2";
				TEST_HOST = "$(BUILT_PRODUCTS_DIR)/staticContentAPItask.app/staticContentAPItask";
			};
			name = Debug;
		};
		B3C1840527ED9465007E3099 /* Release */ = {
			isa = XCBuildConfiguration;
			buildSettings = {
				ALWAYS_EMBED_SWIFT_STANDARD_LIBRARIES = YES;
				BUNDLE_LOADER = "$(TEST_HOST)";
				CODE_SIGN_STYLE = Automatic;
				INFOPLIST_FILE = staticContentAPItaskTests/Info.plist;
				IPHONEOS_DEPLOYMENT_TARGET = 14.5;
				LD_RUNPATH_SEARCH_PATHS = (
					"$(inherited)",
					"@executable_path/Frameworks",
					"@loader_path/Frameworks",
				);
				PRODUCT_BUNDLE_IDENTIFIER = byot.staticContentAPItaskTests;
				PRODUCT_NAME = "$(TARGET_NAME)";
				SWIFT_VERSION = 5.0;
				TARGETED_DEVICE_FAMILY = "1,2";
				TEST_HOST = "$(BUILT_PRODUCTS_DIR)/staticContentAPItask.app/staticContentAPItask";
			};
			name = Release;
		};
		B3C1840727ED9465007E3099 /* Debug */ = {
			isa = XCBuildConfiguration;
			buildSettings = {
				ALWAYS_EMBED_SWIFT_STANDARD_LIBRARIES = YES;
				CODE_SIGN_STYLE = Automatic;
				INFOPLIST_FILE = staticContentAPItaskUITests/Info.plist;
				LD_RUNPATH_SEARCH_PATHS = (
					"$(inherited)",
					"@executable_path/Frameworks",
					"@loader_path/Frameworks",
				);
				PRODUCT_BUNDLE_IDENTIFIER = byot.staticContentAPItaskUITests;
				PRODUCT_NAME = "$(TARGET_NAME)";
				SWIFT_VERSION = 5.0;
				TARGETED_DEVICE_FAMILY = "1,2";
				TEST_TARGET_NAME = staticContentAPItask;
			};
			name = Debug;
		};
		B3C1840827ED9465007E3099 /* Release */ = {
			isa = XCBuildConfiguration;
			buildSettings = {
				ALWAYS_EMBED_SWIFT_STANDARD_LIBRARIES = YES;
				CODE_SIGN_STYLE = Automatic;
				INFOPLIST_FILE = staticContentAPItaskUITests/Info.plist;
				LD_RUNPATH_SEARCH_PATHS = (
					"$(inherited)",
					"@executable_path/Frameworks",
					"@loader_path/Frameworks",
				);
				PRODUCT_BUNDLE_IDENTIFIER = byot.staticContentAPItaskUITests;
				PRODUCT_NAME = "$(TARGET_NAME)";
				SWIFT_VERSION = 5.0;
				TARGETED_DEVICE_FAMILY = "1,2";
				TEST_TARGET_NAME = staticContentAPItask;
			};
			name = Release;
		};
/* End XCBuildConfiguration section */

/* Begin XCConfigurationList section */
		B3C183D127ED9460007E3099 /* Build configuration list for PBXProject "staticContentAPItask" */ = {
			isa = XCConfigurationList;
			buildConfigurations = (
				B3C183FE27ED9465007E3099 /* Debug */,
				B3C183FF27ED9465007E3099 /* Release */,
			);
			defaultConfigurationIsVisible = 0;
			defaultConfigurationName = Release;
		};
		B3C1840027ED9465007E3099 /* Build configuration list for PBXNativeTarget "staticContentAPItask" */ = {
			isa = XCConfigurationList;
			buildConfigurations = (
				B3C1840127ED9465007E3099 /* Debug */,
				B3C1840227ED9465007E3099 /* Release */,
			);
			defaultConfigurationIsVisible = 0;
			defaultConfigurationName = Release;
		};
		B3C1840327ED9465007E3099 /* Build configuration list for PBXNativeTarget "staticContentAPItaskTests" */ = {
			isa = XCConfigurationList;
			buildConfigurations = (
				B3C1840427ED9465007E3099 /* Debug */,
				B3C1840527ED9465007E3099 /* Release */,
			);
			defaultConfigurationIsVisible = 0;
			defaultConfigurationName = Release;
		};
		B3C1840627ED9465007E3099 /* Build configuration list for PBXNativeTarget "staticContentAPItaskUITests" */ = {
			isa = XCConfigurationList;
			buildConfigurations = (
				B3C1840727ED9465007E3099 /* Debug */,
				B3C1840827ED9465007E3099 /* Release */,
			);
			defaultConfigurationIsVisible = 0;
			defaultConfigurationName = Release;
		};
/* End XCConfigurationList section */
	};
	rootObject = B3C183CE27ED9460007E3099 /* Project object */;
}
